// !$*UTF8*$!
{
	archiveVersion = 1;
	classes = {
	};
	objectVersion = 46;
	objects = {

/* Begin PBXBuildFile section */
		2E74145A1AD272310090B17E /* main.m in Sources */ = {isa = PBXBuildFile; fileRef = 2E7414591AD272310090B17E /* main.m */; };
		2E74145D1AD272310090B17E /* AppDelegate.m in Sources */ = {isa = PBXBuildFile; fileRef = 2E74145C1AD272310090B17E /* AppDelegate.m */; };
		2E7414601AD272310090B17E /* ViewController.m in Sources */ = {isa = PBXBuildFile; fileRef = 2E74145F1AD272310090B17E /* ViewController.m */; };
		2E7414631AD272320090B17E /* Main.storyboard in Resources */ = {isa = PBXBuildFile; fileRef = 2E7414611AD272320090B17E /* Main.storyboard */; };
		2E7414651AD272320090B17E /* Images.xcassets in Resources */ = {isa = PBXBuildFile; fileRef = 2E7414641AD272320090B17E /* Images.xcassets */; };
		2E7414681AD272320090B17E /* LaunchScreen.xib in Resources */ = {isa = PBXBuildFile; fileRef = 2E7414661AD272320090B17E /* LaunchScreen.xib */; };
		2E7414741AD272320090B17E /* LissajousTests.m in Sources */ = {isa = PBXBuildFile; fileRef = 2E7414731AD272320090B17E /* LissajousTests.m */; };
/* End PBXBuildFile section */

/* Begin PBXContainerItemProxy section */
		2E74146E1AD272320090B17E /* PBXContainerItemProxy */ = {
			isa = PBXContainerItemProxy;
			containerPortal = 2E74144C1AD272310090B17E /* Project object */;
			proxyType = 1;
			remoteGlobalIDString = 2E7414531AD272310090B17E;
			remoteInfo = Lissajous;
		};
/* End PBXContainerItemProxy section */

/* Begin PBXFileReference section */
		2E7414541AD272310090B17E /* Lissajous.app */ = {isa = PBXFileReference; explicitFileType = wrapper.application; includeInIndex = 0; path = Lissajous.app; sourceTree = BUILT_PRODUCTS_DIR; };
		2E7414581AD272310090B17E /* Info.plist */ = {isa = PBXFileReference; lastKnownFileType = text.plist.xml; path = Info.plist; sourceTree = "<group>"; };
		2E7414591AD272310090B17E /* main.m */ = {isa = PBXFileReference; lastKnownFileType = sourcecode.c.objc; path = main.m; sourceTree = "<group>"; };
		2E74145B1AD272310090B17E /* AppDelegate.h */ = {isa = PBXFileReference; lastKnownFileType = sourcecode.c.h; path = AppDelegate.h; sourceTree = "<group>"; };
		2E74145C1AD272310090B17E /* AppDelegate.m */ = {isa = PBXFileReference; lastKnownFileType = sourcecode.c.objc; path = AppDelegate.m; sourceTree = "<group>"; };
		2E74145E1AD272310090B17E /* ViewController.h */ = {isa = PBXFileReference; lastKnownFileType = sourcecode.c.h; path = ViewController.h; sourceTree = "<group>"; };
		2E74145F1AD272310090B17E /* ViewController.m */ = {isa = PBXFileReference; lastKnownFileType = sourcecode.c.objc; path = ViewController.m; sourceTree = "<group>"; };
		2E7414621AD272320090B17E /* Base */ = {isa = PBXFileReference; lastKnownFileType = file.storyboard; name = Base; path = Base.lproj/Main.storyboard; sourceTree = "<group>"; };
		2E7414641AD272320090B17E /* Images.xcassets */ = {isa = PBXFileReference; lastKnownFileType = folder.assetcatalog; path = Images.xcassets; sourceTree = "<group>"; };
		2E7414671AD272320090B17E /* Base */ = {isa = PBXFileReference; lastKnownFileType = file.xib; name = Base; path = Base.lproj/LaunchScreen.xib; sourceTree = "<group>"; };
		2E74146D1AD272320090B17E /* LissajousTests.xctest */ = {isa = PBXFileReference; explicitFileType = wrapper.cfbundle; includeInIndex = 0; path = LissajousTests.xctest; sourceTree = BUILT_PRODUCTS_DIR; };
		2E7414721AD272320090B17E /* Info.plist */ = {isa = PBXFileReference; lastKnownFileType = text.plist.xml; path = Info.plist; sourceTree = "<group>"; };
		2E7414731AD272320090B17E /* LissajousTests.m */ = {isa = PBXFileReference; lastKnownFileType = sourcecode.c.objc; path = LissajousTests.m; sourceTree = "<group>"; };
/* End PBXFileReference section */

/* Begin PBXFrameworksBuildPhase section */
		2E7414511AD272310090B17E /* Frameworks */ = {
			isa = PBXFrameworksBuildPhase;
			buildActionMask = 2147483647;
			files = (
			);
			runOnlyForDeploymentPostprocessing = 0;
		};
		2E74146A1AD272320090B17E /* Frameworks */ = {
			isa = PBXFrameworksBuildPhase;
			buildActionMask = 2147483647;
			files = (
			);
			runOnlyForDeploymentPostprocessing = 0;
		};
/* End PBXFrameworksBuildPhase section */

/* Begin PBXGroup section */
		2E74144B1AD272310090B17E = {
			isa = PBXGroup;
			children = (
				2E7414561AD272310090B17E /* Lissajous */,
				2E7414701AD272320090B17E /* LissajousTests */,
				2E7414551AD272310090B17E /* Products */,
			);
			sourceTree = "<group>";
		};
		2E7414551AD272310090B17E /* Products */ = {
			isa = PBXGroup;
			children = (
				2E7414541AD272310090B17E /* Lissajous.app */,
				2E74146D1AD272320090B17E /* LissajousTests.xctest */,
			);
			name = Products;
			sourceTree = "<group>";
		};
		2E7414561AD272310090B17E /* Lissajous */ = {
			isa = PBXGroup;
			children = (
				2E74145B1AD272310090B17E /* AppDelegate.h */,
				2E74145C1AD272310090B17E /* AppDelegate.m */,
				2E74145E1AD272310090B17E /* ViewController.h */,
				2E74145F1AD272310090B17E /* ViewController.m */,
				2E7414611AD272320090B17E /* Main.storyboard */,
				2E7414641AD272320090B17E /* Images.xcassets */,
				2E7414661AD272320090B17E /* LaunchScreen.xib */,
				2E7414571AD272310090B17E /* Supporting Files */,
			);
			path = Lissajous;
			sourceTree = "<group>";
		};
		2E7414571AD272310090B17E /* Supporting Files */ = {
			isa = PBXGroup;
			children = (
				2E7414581AD272310090B17E /* Info.plist */,
				2E7414591AD272310090B17E /* main.m */,
			);
			name = "Supporting Files";
			sourceTree = "<group>";
		};
		2E7414701AD272320090B17E /* LissajousTests */ = {
			isa = PBXGroup;
			children = (
				2E7414731AD272320090B17E /* LissajousTests.m */,
				2E7414711AD272320090B17E /* Supporting Files */,
			);
			path = LissajousTests;
			sourceTree = "<group>";
		};
		2E7414711AD272320090B17E /* Supporting Files */ = {
			isa = PBXGroup;
			children = (
				2E7414721AD272320090B17E /* Info.plist */,
			);
			name = "Supporting Files";
			sourceTree = "<group>";
		};
/* End PBXGroup section */

/* Begin PBXNativeTarget section */
		2E7414531AD272310090B17E /* Lissajous */ = {
			isa = PBXNativeTarget;
			buildConfigurationList = 2E7414771AD272320090B17E /* Build configuration list for PBXNativeTarget "Lissajous" */;
			buildPhases = (
				2E7414501AD272310090B17E /* Sources */,
				2E7414511AD272310090B17E /* Frameworks */,
				2E7414521AD272310090B17E /* Resources */,
			);
			buildRules = (
			);
			dependencies = (
			);
			name = Lissajous;
			productName = Lissajous;
			productReference = 2E7414541AD272310090B17E /* Lissajous.app */;
			productType = "com.apple.product-type.application";
		};
		2E74146C1AD272320090B17E /* LissajousTests */ = {
			isa = PBXNativeTarget;
			buildConfigurationList = 2E74147A1AD272320090B17E /* Build configuration list for PBXNativeTarget "LissajousTests" */;
			buildPhases = (
				2E7414691AD272320090B17E /* Sources */,
				2E74146A1AD272320090B17E /* Frameworks */,
				2E74146B1AD272320090B17E /* Resources */,
			);
			buildRules = (
			);
			dependencies = (
				2E74146F1AD272320090B17E /* PBXTargetDependency */,
			);
			name = LissajousTests;
			productName = LissajousTests;
			productReference = 2E74146D1AD272320090B17E /* LissajousTests.xctest */;
			productType = "com.apple.product-type.bundle.unit-test";
		};
/* End PBXNativeTarget section */

/* Begin PBXProject section */
		2E74144C1AD272310090B17E /* Project object */ = {
			isa = PBXProject;
			attributes = {
				LastUpgradeCheck = 0620;
				ORGANIZATIONNAME = Home;
				TargetAttributes = {
					2E7414531AD272310090B17E = {
						CreatedOnToolsVersion = 6.2;
					};
					2E74146C1AD272320090B17E = {
						CreatedOnToolsVersion = 6.2;
						TestTargetID = 2E7414531AD272310090B17E;
					};
				};
			};
			buildConfigurationList = 2E74144F1AD272310090B17E /* Build configuration list for PBXProject "Lissajous" */;
			compatibilityVersion = "Xcode 3.2";
			developmentRegion = English;
			hasScannedForEncodings = 0;
			knownRegions = (
				en,
				Base,
			);
			mainGroup = 2E74144B1AD272310090B17E;
			productRefGroup = 2E7414551AD272310090B17E /* Products */;
			projectDirPath = "";
			projectRoot = "";
			targets = (
				2E7414531AD272310090B17E /* Lissajous */,
				2E74146C1AD272320090B17E /* LissajousTests */,
			);
		};
/* End PBXProject section */

/* Begin PBXResourcesBuildPhase section */
		2E7414521AD272310090B17E /* Resources */ = {
			isa = PBXResourcesBuildPhase;
			buildActionMask = 2147483647;
			files = (
				2E7414631AD272320090B17E /* Main.storyboard in Resources */,
				2E7414681AD272320090B17E /* LaunchScreen.xib in Resources */,
				2E7414651AD272320090B17E /* Images.xcassets in Resources */,
			);
			runOnlyForDeploymentPostprocessing = 0;
		};
		2E74146B1AD272320090B17E /* Resources */ = {
			isa = PBXResourcesBuildPhase;
			buildActionMask = 2147483647;
			files = (
			);
			runOnlyForDeploymentPostprocessing = 0;
		};
/* End PBXResourcesBuildPhase section */

/* Begin PBXSourcesBuildPhase section */
		2E7414501AD272310090B17E /* Sources */ = {
			isa = PBXSourcesBuildPhase;
			buildActionMask = 2147483647;
			files = (
				2E7414601AD272310090B17E /* ViewController.m in Sources */,
				2E74145D1AD272310090B17E /* AppDelegate.m in Sources */,
				2E74145A1AD272310090B17E /* main.m in Sources */,
			);
			runOnlyForDeploymentPostprocessing = 0;
		};
		2E7414691AD272320090B17E /* Sources */ = {
			isa = PBXSourcesBuildPhase;
			buildActionMask = 2147483647;
			files = (
				2E7414741AD272320090B17E /* LissajousTests.m in Sources */,
			);
			runOnlyForDeploymentPostprocessing = 0;
		};
/* End PBXSourcesBuildPhase section */

/* Begin PBXTargetDependency section */
		2E74146F1AD272320090B17E /* PBXTargetDependency */ = {
			isa = PBXTargetDependency;
			target = 2E7414531AD272310090B17E /* Lissajous */;
			targetProxy = 2E74146E1AD272320090B17E /* PBXContainerItemProxy */;
		};
/* End PBXTargetDependency section */

/* Begin PBXVariantGroup section */
		2E7414611AD272320090B17E /* Main.storyboard */ = {
			isa = PBXVariantGroup;
			children = (
				2E7414621AD272320090B17E /* Base */,
			);
			name = Main.storyboard;
			sourceTree = "<group>";
		};
		2E7414661AD272320090B17E /* LaunchScreen.xib */ = {
			isa = PBXVariantGroup;
			children = (
				2E7414671AD272320090B17E /* Base */,
			);
			name = LaunchScreen.xib;
			sourceTree = "<group>";
		};
/* End PBXVariantGroup section */

/* Begin XCBuildConfiguration section */
		2E7414751AD272320090B17E /* Debug */ = {
			isa = XCBuildConfiguration;
			buildSettings = {
				ALWAYS_SEARCH_USER_PATHS = NO;
				CLANG_CXX_LANGUAGE_STANDARD = "gnu++0x";
				CLANG_CXX_LIBRARY = "libc++";
				CLANG_ENABLE_MODULES = YES;
				CLANG_ENABLE_OBJC_ARC = YES;
				CLANG_WARN_BOOL_CONVERSION = YES;
				CLANG_WARN_CONSTANT_CONVERSION = YES;
				CLANG_WARN_DIRECT_OBJC_ISA_USAGE = YES_ERROR;
				CLANG_WARN_EMPTY_BODY = YES;
				CLANG_WARN_ENUM_CONVERSION = YES;
				CLANG_WARN_INT_CONVERSION = YES;
				CLANG_WARN_OBJC_ROOT_CLASS = YES_ERROR;
				CLANG_WARN_UNREACHABLE_CODE = YES;
				CLANG_WARN__DUPLICATE_METHOD_MATCH = YES;
				"CODE_SIGN_IDENTITY[sdk=iphoneos*]" = "iPhone Developer";
				COPY_PHASE_STRIP = NO;
				ENABLE_STRICT_OBJC_MSGSEND = YES;
				GCC_C_LANGUAGE_STANDARD = gnu99;
				GCC_DYNAMIC_NO_PIC = NO;
				GCC_OPTIMIZATION_LEVEL = 0;
				GCC_PREPROCESSOR_DEFINITIONS = (
					"DEBUG=1",
					"$(inherited)",
				);
				GCC_SYMBOLS_PRIVATE_EXTERN = NO;
				GCC_WARN_64_TO_32_BIT_CONVERSION = YES;
				GCC_WARN_ABOUT_RETURN_TYPE = YES_ERROR;
				GCC_WARN_UNDECLARED_SELECTOR = YES;
				GCC_WARN_UNINITIALIZED_AUTOS = YES_AGGRESSIVE;
				GCC_WARN_UNUSED_FUNCTION = YES;
				GCC_WARN_UNUSED_VARIABLE = YES;
				IPHONEOS_DEPLOYMENT_TARGET = 8.2;
				MTL_ENABLE_DEBUG_INFO = YES;
				ONLY_ACTIVE_ARCH = YES;
				SDKROOT = iphoneos;
				TARGETED_DEVICE_FAMILY = "1,2";
			};
			name = Debug;
		};
		2E7414761AD272320090B17E /* Release */ = {
			isa = XCBuildConfiguration;
			buildSettings = {
				ALWAYS_SEARCH_USER_PATHS = NO;
				CLANG_CXX_LANGUAGE_STANDARD = "gnu++0x";
				CLANG_CXX_LIBRARY = "libc++";
				CLANG_ENABLE_MODULES = YES;
				CLANG_ENABLE_OBJC_ARC = YES;
				CLANG_WARN_BOOL_CONVERSION = YES;
				CLANG_WARN_CONSTANT_CONVERSION = YES;
				CLANG_WARN_DIRECT_OBJC_ISA_USAGE = YES_ERROR;
				CLANG_WARN_EMPTY_BODY = YES;
				CLANG_WARN_ENUM_CONVERSION = YES;
				CLANG_WARN_INT_CONVERSION = YES;
				CLANG_WARN_OBJC_ROOT_CLASS = YES_ERROR;
				CLANG_WARN_UNREACHABLE_CODE = YES;
				CLANG_WARN__DUPLICATE_METHOD_MATCH = YES;
				"CODE_SIGN_IDENTITY[sdk=iphoneos*]" = "iPhone Developer";
				COPY_PHASE_STRIP = NO;
				ENABLE_NS_ASSERTIONS = NO;
				ENABLE_STRICT_OBJC_MSGSEND = YES;
				GCC_C_LANGUAGE_STANDARD = gnu99;
				GCC_WARN_64_TO_32_BIT_CONVERSION = YES;
				GCC_WARN_ABOUT_RETURN_TYPE = YES_ERROR;
				GCC_WARN_UNDECLARED_SELECTOR = YES;
				GCC_WARN_UNINITIALIZED_AUTOS = YES_AGGRESSIVE;
				GCC_WARN_UNUSED_FUNCTION = YES;
				GCC_WARN_UNUSED_VARIABLE = YES;
				IPHONEOS_DEPLOYMENT_TARGET = 8.2;
				MTL_ENABLE_DEBUG_INFO = NO;
				SDKROOT = iphoneos;
				TARGETED_DEVICE_FAMILY = "1,2";
				VALIDATE_PRODUCT = YES;
			};
			name = Release;
		};
		2E7414781AD272320090B17E /* Debug */ = {
			isa = XCBuildConfiguration;
			buildSettings = {
				ASSETCATALOG_COMPILER_APPICON_NAME = AppIcon;
				INFOPLIST_FILE = Lissajous/Info.plist;
				LD_RUNPATH_SEARCH_PATHS = "$(inherited) @executable_path/Frameworks";
				PRODUCT_NAME = "$(TARGET_NAME)";
			};
			name = Debug;
		};
		2E7414791AD272320090B17E /* Release */ = {
			isa = XCBuildConfiguration;
			buildSettings = {
				ASSETCATALOG_COMPILER_APPICON_NAME = AppIcon;
				INFOPLIST_FILE = Lissajous/Info.plist;
				LD_RUNPATH_SEARCH_PATHS = "$(inherited) @executable_path/Frameworks";
				PRODUCT_NAME = "$(TARGET_NAME)";
			};
			name = Release;
		};
		2E74147B1AD272320090B17E /* Debug */ = {
			isa = XCBuildConfiguration;
			buildSettings = {
				BUNDLE_LOADER = "$(TEST_HOST)";
				FRAMEWORK_SEARCH_PATHS = (
					"$(SDKROOT)/Developer/Library/Frameworks",
					"$(inherited)",
				);
				GCC_PREPROCESSOR_DEFINITIONS = (
					"DEBUG=1",
					"$(inherited)",
				);
				INFOPLIST_FILE = LissajousTests/Info.plist;
				LD_RUNPATH_SEARCH_PATHS = "$(inherited) @executable_path/Frameworks @loader_path/Frameworks";
				PRODUCT_NAME = "$(TARGET_NAME)";
				TEST_HOST = "$(BUILT_PRODUCTS_DIR)/Lissajous.app/Lissajous";
			};
			name = Debug;
		};
		2E74147C1AD272320090B17E /* Release */ = {
			isa = XCBuildConfiguration;
			buildSettings = {
				BUNDLE_LOADER = "$(TEST_HOST)";
				FRAMEWORK_SEARCH_PATHS = (
					"$(SDKROOT)/Developer/Library/Frameworks",
					"$(inherited)",
				);
				INFOPLIST_FILE = LissajousTests/Info.plist;
				LD_RUNPATH_SEARCH_PATHS = "$(inherited) @executable_path/Frameworks @loader_path/Frameworks";
				PRODUCT_NAME = "$(TARGET_NAME)";
				TEST_HOST = "$(BUILT_PRODUCTS_DIR)/Lissajous.app/Lissajous";
			};
			name = Release;
		};
/* End XCBuildConfiguration section */

/* Begin XCConfigurationList section */
		2E74144F1AD272310090B17E /* Build configuration list for PBXProject "Lissajous" */ = {
			isa = XCConfigurationList;
			buildConfigurations = (
				2E7414751AD272320090B17E /* Debug */,
				2E7414761AD272320090B17E /* Release */,
			);
			defaultConfigurationIsVisible = 0;
			defaultConfigurationName = Release;
		};
		2E7414771AD272320090B17E /* Build configuration list for PBXNativeTarget "Lissajous" */ = {
			isa = XCConfigurationList;
			buildConfigurations = (
				2E7414781AD272320090B17E /* Debug */,
				2E7414791AD272320090B17E /* Release */,
			);
			defaultConfigurationIsVisible = 0;
		};
		2E74147A1AD272320090B17E /* Build configuration list for PBXNativeTarget "LissajousTests" */ = {
			isa = XCConfigurationList;
			buildConfigurations = (
				2E74147B1AD272320090B17E /* Debug */,
				2E74147C1AD272320090B17E /* Release */,
			);
			defaultConfigurationIsVisible = 0;
		};
/* End XCConfigurationList section */
	};
	rootObject = 2E74144C1AD272310090B17E /* Project object */;
}
